
Microsoft Visual Studio Solution File, Format Version 12.00
Project("{FAE04EC0-301F-11D3-BF4B-00C04F79EFBC}") = "WEEK3_HW2", "WEEK3_HW2\WEEK3_HW2.csproj", "{F38EBEDE-C25E-4FA1-9250-FF3C1AC0CFE1}"
EndProject
Project("{FAE04EC0-301F-11D3-BF4B-00C04F79EFBC}") = "WEEK4_HW1", "WEEK4_HW1\WEEK4_HW1.csproj", "{2D93F1E5-31D5-4614-9CFC-C1AA7221E4EC}"
EndProject
Project("{FAE04EC0-301F-11D3-BF4B-00C04F79EFBC}") = "WEEK5_HW1", "WEEK5_HW1\WEEK5_HW1.csproj", "{66EDD6D1-30C6-48A1-835F-B9952BF9F329}"
EndProject
Project("{FAE04EC0-301F-11D3-BF4B-00C04F79EFBC}") = "WEEK5_HW2", "WEEK5_HW2\WEEK5_HW2.csproj", "{19D4A554-B2A0-4D3F-B89D-E94DDB72EE60}"
EndProject
Project("{FAE04EC0-301F-11D3-BF4B-00C04F79EFBC}") = "WEEK6_HW1", "WEEK6_HW1\WEEK6_HW1.csproj", "{04540277-7C7F-4B8B-B133-D885A857BDA9}"
EndProject
Project("{FAE04EC0-301F-11D3-BF4B-00C04F79EFBC}") = "WEEK6_HW2", "WEEK6_HW2\WEEK6_HW2.csproj", "{A96C58B6-E3EA-4038-9E23-8546A4D03F31}"
EndProject
Global
	GlobalSection(SolutionConfigurationPlatforms) = preSolution
		Debug|Any CPU = Debug|Any CPU
		Release|Any CPU = Release|Any CPU
	EndGlobalSection
	GlobalSection(ProjectConfigurationPlatforms) = postSolution
		{F38EBEDE-C25E-4FA1-9250-FF3C1AC0CFE1}.Debug|Any CPU.ActiveCfg = Debug|Any CPU
		{F38EBEDE-C25E-4FA1-9250-FF3C1AC0CFE1}.Debug|Any CPU.Build.0 = Debug|Any CPU
		{F38EBEDE-C25E-4FA1-9250-FF3C1AC0CFE1}.Release|Any CPU.ActiveCfg = Release|Any CPU
		{F38EBEDE-C25E-4FA1-9250-FF3C1AC0CFE1}.Release|Any CPU.Build.0 = Release|Any CPU
		{2D93F1E5-31D5-4614-9CFC-C1AA7221E4EC}.Debug|Any CPU.ActiveCfg = Debug|Any CPU
		{2D93F1E5-31D5-4614-9CFC-C1AA7221E4EC}.Debug|Any CPU.Build.0 = Debug|Any CPU
		{2D93F1E5-31D5-4614-9CFC-C1AA7221E4EC}.Release|Any CPU.ActiveCfg = Release|Any CPU
		{2D93F1E5-31D5-4614-9CFC-C1AA7221E4EC}.Release|Any CPU.Build.0 = Release|Any CPU
		{66EDD6D1-30C6-48A1-835F-B9952BF9F329}.Debug|Any CPU.ActiveCfg = Debug|Any CPU
		{66EDD6D1-30C6-48A1-835F-B9952BF9F329}.Debug|Any CPU.Build.0 = Debug|Any CPU
		{66EDD6D1-30C6-48A1-835F-B9952BF9F329}.Release|Any CPU.ActiveCfg = Release|Any CPU
		{66EDD6D1-30C6-48A1-835F-B9952BF9F329}.Release|Any CPU.Build.0 = Release|Any CPU
		{19D4A554-B2A0-4D3F-B89D-E94DDB72EE60}.Debug|Any CPU.ActiveCfg = Debug|Any CPU
		{19D4A554-B2A0-4D3F-B89D-E94DDB72EE60}.Debug|Any CPU.Build.0 = Debug|Any CPU
		{19D4A554-B2A0-4D3F-B89D-E94DDB72EE60}.Release|Any CPU.ActiveCfg = Release|Any CPU
		{19D4A554-B2A0-4D3F-B89D-E94DDB72EE60}.Release|Any CPU.Build.0 = Release|Any CPU
		{04540277-7C7F-4B8B-B133-D885A857BDA9}.Debug|Any CPU.ActiveCfg = Debug|Any CPU
		{04540277-7C7F-4B8B-B133-D885A857BDA9}.Debug|Any CPU.Build.0 = Debug|Any CPU
		{04540277-7C7F-4B8B-B133-D885A857BDA9}.Release|Any CPU.ActiveCfg = Release|Any CPU
		{04540277-7C7F-4B8B-B133-D885A857BDA9}.Release|Any CPU.Build.0 = Release|Any CPU
		{A96C58B6-E3EA-4038-9E23-8546A4D03F31}.Debug|Any CPU.ActiveCfg = Debug|Any CPU
		{A96C58B6-E3EA-4038-9E23-8546A4D03F31}.Debug|Any CPU.Build.0 = Debug|Any CPU
		{A96C58B6-E3EA-4038-9E23-8546A4D03F31}.Release|Any CPU.ActiveCfg = Release|Any CPU
		{A96C58B6-E3EA-4038-9E23-8546A4D03F31}.Release|Any CPU.Build.0 = Release|Any CPU
	EndGlobalSection
EndGlobal
